{
  "name": "zpl_event.c",
  "version": "1.0.9",
  "lockfileVersion": 1,
  "requires": true,
  "dependencies": {
    "zpl.c": {
      "version": "4.0.1",
      "resolved": "https://registry.npmjs.org/zpl.c/-/zpl.c-4.0.1.tgz",
      "integrity": "sha512-UM6vz40pTsmzwqgVCBdoU6KhrCcGZBoUp9QEwgEujxWAZlv8e8riyMUHOqqCT68aYrCRR1oWG2nDPBsgFwzCLw=="
    }
  }
}
